<?xml version="1.0" encoding="UTF-8" standalone="yes" ?>
<CodeBlocks_project_file>
	<FileVersion major="1" minor="6" />
	<Project>
		<Option title="CutOptim" />
		<Option pch_mode="2" />
		<Option compiler="gcc" />
		<Build>
			<Target title="Debug">
				<Option output="bin/Debug/CutOptim" prefix_auto="1" extension_auto="1" />
				<Option object_output="obj/Debug/" />
				<Option type="1" />
				<Option compiler="gcc" />
				<Option parameters="--distance 1.3 -o Out.svg --layer_output 31 --debug_level 1 --optimizing_level=2  coeur52.svg " />
				<Compiler>
					<Add option="-g" />
					<Add directory="include" />
				</Compiler>
			</Target>
			<Target title="Release">
				<Option output="bin/Release/CutOptim" prefix_auto="1" extension_auto="1" />
				<Option object_output="obj/Release/" />
				<Option type="1" />
				<Option compiler="gcc" />
				<Option parameters="--distance 1.3 --angle=10  -o Out.svg --layer_output 31 --debug_level 1 --optimizing_level=2 coeur.svg " />
				<Compiler>
					<Add option="-O2" />
					<Add directory="include" />
				</Compiler>
				<Linker>
					<Add option="-s" />
				</Linker>
			</Target>
			<Target title="Debug_Profile">
				<Option output="bin/Debug_Profile/CutOptim" prefix_auto="1" extension_auto="1" />
				<Option object_output="obj/Debug_Profile/" />
				<Option type="1" />
				<Option compiler="gcc" />
				<Option parameters="--distance 1.3 --angle=90  -o Out.svg --layer_output 31 --debug_level 1 --optimizing_level=1 Podium2.svg " />
				<Compiler>
					<Add option="-pg" />
					<Add option="-g" />
					<Add directory="include" />
				</Compiler>
				<Linker>
					<Add option="-pg" />
				</Linker>
			</Target>
			<Target title="Release_Profile">
				<Option output="bin/Release_Profile/CutOptim" prefix_auto="1" extension_auto="1" />
				<Option object_output="obj/Release_Profile/" />
				<Option type="1" />
				<Option compiler="gcc" />
				<Option parameters="--distance 1.3 --angle=10  -o Out.svg --layer_output 31 --debug_level 1 --optimizing_level=3 TestPoly8.svg " />
				<Compiler>
					<Add option="-O2" />
					<Add option="-pg" />
					<Add option="-g" />
					<Add directory="include" />
				</Compiler>
				<Linker>
					<Add option="-pg" />
				</Linker>
			</Target>
		</Build>
		<Compiler>
			<Add option="-Wall" />
			<Add option="-fexceptions" />
		</Compiler>
		<Unit filename="cutoptim.inx" />
		<Unit filename="include/CachePosition.h" />
		<Unit filename="include/ConvexHull.h" />
		<Unit filename="include/Geometry.h" />
		<Unit filename="include/SvgDoc.h" />
		<Unit filename="include/cxxopts.hpp" />
		<Unit filename="include/nanosvg.h" />
		<Unit filename="main.cpp" />
		<Unit filename="src/CachePosition.cpp" />
		<Unit filename="src/ConvexHull.cpp" />
		<Unit filename="src/Geometry.cpp" />
		<Unit filename="src/SvgDoc.cpp" />
		<Unit filename="src/SvgPath.cpp" />
		<Extensions>
			<code_completion />
			<debugger />
		</Extensions>
	</Project>
</CodeBlocks_project_file>
